
Microsoft Visual Studio Solution File, Format Version 12.00
# Visual Studio Version 17
VisualStudioVersion = 17.10.35013.160
MinimumVisualStudioVersion = 10.0.40219.1
Project("{FAE04EC0-301F-11D3-BF4B-00C04F79EFBC}") = "NetPackUpClient", "NetPackUpClient.csproj", "{CE84042E-537B-45D5-B31B-3BC26D0548F3}"
EndProject
Global
	GlobalSection(SolutionConfigurationPlatforms) = preSolution
		Debug|Any CPU = Debug|Any CPU
		Release|Any CPU = Release|Any CPU
	EndGlobalSection
	GlobalSection(ProjectConfigurationPlatforms) = postSolution
		{CE84042E-537B-45D5-B31B-3BC26D0548F3}.Debug|Any CPU.ActiveCfg = Debug|Any CPU
		{CE84042E-537B-45D5-B31B-3BC26D0548F3}.Debug|Any CPU.Build.0 = Debug|Any CPU
		{CE84042E-537B-45D5-B31B-3BC26D0548F3}.Release|Any CPU.ActiveCfg = Release|Any CPU
		{CE84042E-537B-45D5-B31B-3BC26D0548F3}.Release|Any CPU.Build.0 = Release|Any CPU
	EndGlobalSection
	GlobalSection(SolutionProperties) = preSolution
		HideSolutionNode = FALSE
	EndGlobalSection
	GlobalSection(ExtensibilityGlobals) = postSolution
		SolutionGuid = {FF2F6F38-FFC7-4FF2-AD29-BA4F1482A633}
	EndGlobalSection
EndGlobal
